
Microsoft Visual Studio Solution File, Format Version 12.00
# Visual Studio Version 17
VisualStudioVersion = 17.7.34221.43
MinimumVisualStudioVersion = 10.0.40219.1
Project("{FAE04EC0-301F-11D3-BF4B-00C04F79EFBC}") = "BlogApplication", "BlogApplication.csproj", "{F090D297-63C7-44AA-92B2-1DBE8CEC4A05}"
EndProject
Global
	GlobalSection(SolutionConfigurationPlatforms) = preSolution
		Debug|Any CPU = Debug|Any CPU
		Release|Any CPU = Release|Any CPU
	EndGlobalSection
	GlobalSection(ProjectConfigurationPlatforms) = postSolution
		{F090D297-63C7-44AA-92B2-1DBE8CEC4A05}.Debug|Any CPU.ActiveCfg = Debug|Any CPU
		{F090D297-63C7-44AA-92B2-1DBE8CEC4A05}.Debug|Any CPU.Build.0 = Debug|Any CPU
		{F090D297-63C7-44AA-92B2-1DBE8CEC4A05}.Release|Any CPU.ActiveCfg = Release|Any CPU
		{F090D297-63C7-44AA-92B2-1DBE8CEC4A05}.Release|Any CPU.Build.0 = Release|Any CPU
	EndGlobalSection
	GlobalSection(SolutionProperties) = preSolution
		HideSolutionNode = FALSE
	EndGlobalSection
	GlobalSection(ExtensibilityGlobals) = postSolution
		SolutionGuid = {BCEA51B5-7B90-4D8A-9703-59A7292B0418}
	EndGlobalSection
EndGlobal
